
Microsoft Visual Studio Solution File, Format Version 12.00
# Visual Studio Version 16
VisualStudioVersion = 16.0.30717.126
MinimumVisualStudioVersion = 10.0.40219.1
Project("{FAE04EC0-301F-11D3-BF4B-00C04F79EFBC}") = "Proyecto P2", "Proyecto P2\Proyecto P2.csproj", "{56A91049-E716-474A-8DF7-EF632ED08B94}"
EndProject
Global
	GlobalSection(SolutionConfigurationPlatforms) = preSolution
		Debug|Any CPU = Debug|Any CPU
		Release|Any CPU = Release|Any CPU
	EndGlobalSection
	GlobalSection(ProjectConfigurationPlatforms) = postSolution
		{56A91049-E716-474A-8DF7-EF632ED08B94}.Debug|Any CPU.ActiveCfg = Debug|Any CPU
		{56A91049-E716-474A-8DF7-EF632ED08B94}.Debug|Any CPU.Build.0 = Debug|Any CPU
		{56A91049-E716-474A-8DF7-EF632ED08B94}.Release|Any CPU.ActiveCfg = Release|Any CPU
		{56A91049-E716-474A-8DF7-EF632ED08B94}.Release|Any CPU.Build.0 = Release|Any CPU
	EndGlobalSection
	GlobalSection(SolutionProperties) = preSolution
		HideSolutionNode = FALSE
	EndGlobalSection
	GlobalSection(ExtensibilityGlobals) = postSolution
		SolutionGuid = {0A2DD798-C868-44D1-BA2F-9DEC4D0F7E47}
	EndGlobalSection
EndGlobal
